{
	"name": "roblox",
	"version": "1.0.0",
	"lockfileVersion": 1,
	"requires": true,
	"dependencies": {
		"@tix-factory/http": {
			"version": "2.0.92",
			"resolved": "https://registry.npmjs.org/@tix-factory/http/-/http-2.0.92.tgz",
			"integrity": "sha512-oUIR3leHzh0MeL0QriTxtSfVYXQsdzXtAmvhFRgWtraSKSiaO7K0afdQEn2xAEZM8MdEx4+wBsbESGV5N2xIGQ==",
			"requires": {
				"cookiejar": "^2.1.2"
			}
		},
		"@tix-factory/queueing": {
			"version": "2.0.92",
			"resolved": "https://registry.npmjs.org/@tix-factory/queueing/-/queueing-2.0.92.tgz",
			"integrity": "sha512-EOcMxm9a155pgN4Ey4B6CUVqK9KwVxH2NewYt5IaNi6kFW9vIG7y3FcdLgUncSdkZI10vv7OpFqGHm2xJ8v1FA==",
			"requires": {
				"@tix-factory/http": "2.0.92"
			}
		},
		"cookiejar": {
			"version": "2.1.2",
			"resolved": "https://registry.npmjs.org/cookiejar/-/cookiejar-2.1.2.tgz",
			"integrity": "sha512-Mw+adcfzPxcPeI+0WlvRrr/3lGVO0bD75SxX6811cxSh1Wbxx7xZBGK1eVtDf6si8rg2lhnUjsVLMFMfbRIuwA=="
		}
	}
}
