{
	"name": "roblox",
	"version": "1.0.0",
	"lockfileVersion": 1,
	"requires": true,
	"dependencies": {
		"@tix-factory/http": {
			"version": "2.0.94",
			"resolved": "https://registry.npmjs.org/@tix-factory/http/-/http-2.0.94.tgz",
			"integrity": "sha512-mOCrd8KDPyjnQQKsZHhysTdouNXdAjpM+S94zY+/9TgRxIJUjO8brZ3e13ukMkJFzVyVPdiTA+4V6JZNdSA3XA==",
			"requires": {
				"cookiejar": "^2.1.2"
			}
		},
		"@tix-factory/queueing": {
			"version": "2.0.94",
			"resolved": "https://registry.npmjs.org/@tix-factory/queueing/-/queueing-2.0.94.tgz",
			"integrity": "sha512-w7jZRKZ437P+czjYLyTUl8CcsV+DvZwFhn2/3UzF61bL+ruEICz2K3vJuwosl3pMjBSrGSaDq4pjC1xo1OPy2Q==",
			"requires": {
				"@tix-factory/http": "2.0.94"
			}
		},
		"cookiejar": {
			"version": "2.1.2",
			"resolved": "https://registry.npmjs.org/cookiejar/-/cookiejar-2.1.2.tgz",
			"integrity": "sha512-Mw+adcfzPxcPeI+0WlvRrr/3lGVO0bD75SxX6811cxSh1Wbxx7xZBGK1eVtDf6si8rg2lhnUjsVLMFMfbRIuwA=="
		}
	}
}
